// !$*UTF8*$!
{
	archiveVersion = 1;
	classes = {
	};
	objectVersion = 46;
	objects = {

/* Begin PBXBuildFile section */
		6530CD1F19905B7400BFF05E /* Foundation.framework in Frameworks */ = {isa = PBXBuildFile; fileRef = 6530CD1E19905B7400BFF05E /* Foundation.framework */; };
		6530CD2119905B7400BFF05E /* CoreGraphics.framework in Frameworks */ = {isa = PBXBuildFile; fileRef = 6530CD2019905B7400BFF05E /* CoreGraphics.framework */; };
		6530CD2319905B7400BFF05E /* UIKit.framework in Frameworks */ = {isa = PBXBuildFile; fileRef = 6530CD2219905B7400BFF05E /* UIKit.framework */; };
		6530CD2919905B7400BFF05E /* InfoPlist.strings in Resources */ = {isa = PBXBuildFile; fileRef = 6530CD2719905B7400BFF05E /* InfoPlist.strings */; };
		6530CD2B19905B7400BFF05E /* main.m in Sources */ = {isa = PBXBuildFile; fileRef = 6530CD2A19905B7400BFF05E /* main.m */; };
		6530CD2F19905B7400BFF05E /* RWTAppDelegate.m in Sources */ = {isa = PBXBuildFile; fileRef = 6530CD2E19905B7400BFF05E /* RWTAppDelegate.m */; };
		6530CD3219905B7400BFF05E /* Main.storyboard in Resources */ = {isa = PBXBuildFile; fileRef = 6530CD3019905B7400BFF05E /* Main.storyboard */; };
		6530CD3519905B7400BFF05E /* RWTMasterViewController.m in Sources */ = {isa = PBXBuildFile; fileRef = 6530CD3419905B7400BFF05E /* RWTMasterViewController.m */; };
		6530CD3819905B7400BFF05E /* RWTDetailViewController.m in Sources */ = {isa = PBXBuildFile; fileRef = 6530CD3719905B7400BFF05E /* RWTDetailViewController.m */; };
		6530CD3A19905B7400BFF05E /* Images.xcassets in Resources */ = {isa = PBXBuildFile; fileRef = 6530CD3919905B7400BFF05E /* Images.xcassets */; };
		6530CD4119905B7400BFF05E /* XCTest.framework in Frameworks */ = {isa = PBXBuildFile; fileRef = 6530CD4019905B7400BFF05E /* XCTest.framework */; };
		6530CD4219905B7400BFF05E /* Foundation.framework in Frameworks */ = {isa = PBXBuildFile; fileRef = 6530CD1E19905B7400BFF05E /* Foundation.framework */; };
		6530CD4319905B7400BFF05E /* UIKit.framework in Frameworks */ = {isa = PBXBuildFile; fileRef = 6530CD2219905B7400BFF05E /* UIKit.framework */; };
		6530CD4B19905B7400BFF05E /* InfoPlist.strings in Resources */ = {isa = PBXBuildFile; fileRef = 6530CD4919905B7400BFF05E /* InfoPlist.strings */; };
		6530CD4D19905B7400BFF05E /* ScaryBugsTests.m in Sources */ = {isa = PBXBuildFile; fileRef = 6530CD4C19905B7400BFF05E /* ScaryBugsTests.m */; };
		6530CD5A19905C2200BFF05E /* RWTScaryBugData.m in Sources */ = {isa = PBXBuildFile; fileRef = 6530CD5919905C2200BFF05E /* RWTScaryBugData.m */; };
		6530CD5D19905D1E00BFF05E /* RWTScaryBugDoc.m in Sources */ = {isa = PBXBuildFile; fileRef = 6530CD5C19905D1E00BFF05E /* RWTScaryBugDoc.m */; };
		6530CD631990646500BFF05E /* potatoBug.jpg in Resources */ = {isa = PBXBuildFile; fileRef = 6530CD5E1990646500BFF05E /* potatoBug.jpg */; };
		6530CD641990646500BFF05E /* centipede.jpg in Resources */ = {isa = PBXBuildFile; fileRef = 6530CD5F1990646500BFF05E /* centipede.jpg */; };
		6530CD661990646500BFF05E /* ladybug.jpg in Resources */ = {isa = PBXBuildFile; fileRef = 6530CD611990646500BFF05E /* ladybug.jpg */; };
		6530CD671990646500BFF05E /* potatoBugThumb.jpg in Resources */ = {isa = PBXBuildFile; fileRef = 6530CD621990646500BFF05E /* potatoBugThumb.jpg */; };
		6530CD691990674800BFF05E /* wolfspider.jpg in Resources */ = {isa = PBXBuildFile; fileRef = 6530CD681990674800BFF05E /* wolfspider.jpg */; };
		6530CD7519906F5600BFF05E /* logo1.png in Resources */ = {isa = PBXBuildFile; fileRef = 6530CD6D19906F5600BFF05E /* logo1.png */; };
		6530CD7619906F5600BFF05E /* RWTRateView.m in Sources */ = {isa = PBXBuildFile; fileRef = 6530CD6F19906F5600BFF05E /* RWTRateView.m */; };
		6530CD7719906F5600BFF05E /* RWTUIImageExtras.m in Sources */ = {isa = PBXBuildFile; fileRef = 6530CD7119906F5600BFF05E /* RWTUIImageExtras.m */; };
		6530CD7819906F5600BFF05E /* shockedface2_empty.png in Resources */ = {isa = PBXBuildFile; fileRef = 6530CD7219906F5600BFF05E /* shockedface2_empty.png */; };
		6530CD7919906F5600BFF05E /* shockedface2_full.png in Resources */ = {isa = PBXBuildFile; fileRef = 6530CD7319906F5600BFF05E /* shockedface2_full.png */; };
		6530CD7A19906F5600BFF05E /* shockedface2_half.png in Resources */ = {isa = PBXBuildFile; fileRef = 6530CD7419906F5600BFF05E /* shockedface2_half.png */; };
/* End PBXBuildFile section */

/* Begin PBXContainerItemProxy section */
		6530CD4419905B7400BFF05E /* PBXContainerItemProxy */ = {
			isa = PBXContainerItemProxy;
			containerPortal = 6530CD1319905B7400BFF05E /* Project object */;
			proxyType = 1;
			remoteGlobalIDString = 6530CD1A19905B7400BFF05E;
			remoteInfo = ScaryBugs;
		};
/* End PBXContainerItemProxy section */

/* Begin PBXFileReference section */
		6530CD1B19905B7400BFF05E /* ScaryBugs.app */ = {isa = PBXFileReference; explicitFileType = wrapper.application; includeInIndex = 0; path = ScaryBugs.app; sourceTree = BUILT_PRODUCTS_DIR; };
		6530CD1E19905B7400BFF05E /* Foundation.framework */ = {isa = PBXFileReference; lastKnownFileType = wrapper.framework; name = Foundation.framework; path = System/Library/Frameworks/Foundation.framework; sourceTree = SDKROOT; };
		6530CD2019905B7400BFF05E /* CoreGraphics.framework */ = {isa = PBXFileReference; lastKnownFileType = wrapper.framework; name = CoreGraphics.framework; path = System/Library/Frameworks/CoreGraphics.framework; sourceTree = SDKROOT; };
		6530CD2219905B7400BFF05E /* UIKit.framework */ = {isa = PBXFileReference; lastKnownFileType = wrapper.framework; name = UIKit.framework; path = System/Library/Frameworks/UIKit.framework; sourceTree = SDKROOT; };
		6530CD2619905B7400BFF05E /* ScaryBugs-Info.plist */ = {isa = PBXFileReference; lastKnownFileType = text.plist.xml; path = "ScaryBugs-Info.plist"; sourceTree = "<group>"; };
		6530CD2819905B7400BFF05E /* en */ = {isa = PBXFileReference; lastKnownFileType = text.plist.strings; name = en; path = en.lproj/InfoPlist.strings; sourceTree = "<group>"; };
		6530CD2A19905B7400BFF05E /* main.m */ = {isa = PBXFileReference; lastKnownFileType = sourcecode.c.objc; path = main.m; sourceTree = "<group>"; };
		6530CD2C19905B7400BFF05E /* ScaryBugs-Prefix.pch */ = {isa = PBXFileReference; lastKnownFileType = sourcecode.c.h; path = "ScaryBugs-Prefix.pch"; sourceTree = "<group>"; };
		6530CD2D19905B7400BFF05E /* RWTAppDelegate.h */ = {isa = PBXFileReference; lastKnownFileType = sourcecode.c.h; path = RWTAppDelegate.h; sourceTree = "<group>"; };
		6530CD2E19905B7400BFF05E /* RWTAppDelegate.m */ = {isa = PBXFileReference; lastKnownFileType = sourcecode.c.objc; path = RWTAppDelegate.m; sourceTree = "<group>"; };
		6530CD3119905B7400BFF05E /* Base */ = {isa = PBXFileReference; lastKnownFileType = file.storyboard; name = Base; path = Base.lproj/Main.storyboard; sourceTree = "<group>"; };
		6530CD3319905B7400BFF05E /* RWTMasterViewController.h */ = {isa = PBXFileReference; lastKnownFileType = sourcecode.c.h; path = RWTMasterViewController.h; sourceTree = "<group>"; };
		6530CD3419905B7400BFF05E /* RWTMasterViewController.m */ = {isa = PBXFileReference; lastKnownFileType = sourcecode.c.objc; path = RWTMasterViewController.m; sourceTree = "<group>"; };
		6530CD3619905B7400BFF05E /* RWTDetailViewController.h */ = {isa = PBXFileReference; lastKnownFileType = sourcecode.c.h; path = RWTDetailViewController.h; sourceTree = "<group>"; };
		6530CD3719905B7400BFF05E /* RWTDetailViewController.m */ = {isa = PBXFileReference; lastKnownFileType = sourcecode.c.objc; path = RWTDetailViewController.m; sourceTree = "<group>"; };
		6530CD3919905B7400BFF05E /* Images.xcassets */ = {isa = PBXFileReference; lastKnownFileType = folder.assetcatalog; path = Images.xcassets; sourceTree = "<group>"; };
		6530CD3F19905B7400BFF05E /* ScaryBugsTests.xctest */ = {isa = PBXFileReference; explicitFileType = wrapper.cfbundle; includeInIndex = 0; path = ScaryBugsTests.xctest; sourceTree = BUILT_PRODUCTS_DIR; };
		6530CD4019905B7400BFF05E /* XCTest.framework */ = {isa = PBXFileReference; lastKnownFileType = wrapper.framework; name = XCTest.framework; path = Library/Frameworks/XCTest.framework; sourceTree = DEVELOPER_DIR; };
		6530CD4819905B7400BFF05E /* ScaryBugsTests-Info.plist */ = {isa = PBXFileReference; lastKnownFileType = text.plist.xml; path = "ScaryBugsTests-Info.plist"; sourceTree = "<group>"; };
		6530CD4A19905B7400BFF05E /* en */ = {isa = PBXFileReference; lastKnownFileType = text.plist.strings; name = en; path = en.lproj/InfoPlist.strings; sourceTree = "<group>"; };
		6530CD4C19905B7400BFF05E /* ScaryBugsTests.m */ = {isa = PBXFileReference; lastKnownFileType = sourcecode.c.objc; path = ScaryBugsTests.m; sourceTree = "<group>"; };
		6530CD5819905C2200BFF05E /* RWTScaryBugData.h */ = {isa = PBXFileReference; fileEncoding = 4; lastKnownFileType = sourcecode.c.h; path = RWTScaryBugData.h; sourceTree = "<group>"; };
		6530CD5919905C2200BFF05E /* RWTScaryBugData.m */ = {isa = PBXFileReference; fileEncoding = 4; lastKnownFileType = sourcecode.c.objc; path = RWTScaryBugData.m; sourceTree = "<group>"; };
		6530CD5B19905D1E00BFF05E /* RWTScaryBugDoc.h */ = {isa = PBXFileReference; fileEncoding = 4; lastKnownFileType = sourcecode.c.h; path = RWTScaryBugDoc.h; sourceTree = "<group>"; };
		6530CD5C19905D1E00BFF05E /* RWTScaryBugDoc.m */ = {isa = PBXFileReference; fileEncoding = 4; lastKnownFileType = sourcecode.c.objc; path = RWTScaryBugDoc.m; sourceTree = "<group>"; };
		6530CD5E1990646500BFF05E /* potatoBug.jpg */ = {isa = PBXFileReference; lastKnownFileType = image.jpeg; name = potatoBug.jpg; path = ../../../../../Desktop/potatoBug.jpg; sourceTree = "<group>"; };
		6530CD5F1990646500BFF05E /* centipede.jpg */ = {isa = PBXFileReference; lastKnownFileType = image.jpeg; name = centipede.jpg; path = ../../../../../Desktop/centipede.jpg; sourceTree = "<group>"; };
		6530CD611990646500BFF05E /* ladybug.jpg */ = {isa = PBXFileReference; lastKnownFileType = image.jpeg; name = ladybug.jpg; path = ../../../../../Desktop/ladybug.jpg; sourceTree = "<group>"; };
		6530CD621990646500BFF05E /* potatoBugThumb.jpg */ = {isa = PBXFileReference; lastKnownFileType = image.jpeg; name = potatoBugThumb.jpg; path = ../../../../../Desktop/potatoBugThumb.jpg; sourceTree = "<group>"; };
		6530CD681990674800BFF05E /* wolfspider.jpg */ = {isa = PBXFileReference; lastKnownFileType = image.jpeg; name = wolfspider.jpg; path = ../../../../../Desktop/wolfspider.jpg; sourceTree = "<group>"; };
		6530CD6D19906F5600BFF05E /* logo1.png */ = {isa = PBXFileReference; lastKnownFileType = image.png; name = logo1.png; path = ../../../../../Downloads/ExtraStuffForScaryBugs/logo1.png; sourceTree = "<group>"; };
		6530CD6E19906F5600BFF05E /* RWTRateView.h */ = {isa = PBXFileReference; fileEncoding = 4; lastKnownFileType = sourcecode.c.h; name = RWTRateView.h; path = ../../../../../Downloads/ExtraStuffForScaryBugs/RWTRateView.h; sourceTree = "<group>"; };
		6530CD6F19906F5600BFF05E /* RWTRateView.m */ = {isa = PBXFileReference; fileEncoding = 4; lastKnownFileType = sourcecode.c.objc; name = RWTRateView.m; path = ../../../../../Downloads/ExtraStuffForScaryBugs/RWTRateView.m; sourceTree = "<group>"; };
		6530CD7019906F5600BFF05E /* RWTUIImageExtras.h */ = {isa = PBXFileReference; fileEncoding = 4; lastKnownFileType = sourcecode.c.h; name = RWTUIImageExtras.h; path = ../../../../../Downloads/ExtraStuffForScaryBugs/RWTUIImageExtras.h; sourceTree = "<group>"; };
		6530CD7119906F5600BFF05E /* RWTUIImageExtras.m */ = {isa = PBXFileReference; fileEncoding = 4; lastKnownFileType = sourcecode.c.objc; name = RWTUIImageExtras.m; path = ../../../../../Downloads/ExtraStuffForScaryBugs/RWTUIImageExtras.m; sourceTree = "<group>"; };
		6530CD7219906F5600BFF05E /* shockedface2_empty.png */ = {isa = PBXFileReference; lastKnownFileType = image.png; name = shockedface2_empty.png; path = ../../../../../Downloads/ExtraStuffForScaryBugs/shockedface2_empty.png; sourceTree = "<group>"; };
		6530CD7319906F5600BFF05E /* shockedface2_full.png */ = {isa = PBXFileReference; lastKnownFileType = image.png; name = shockedface2_full.png; path = ../../../../../Downloads/ExtraStuffForScaryBugs/shockedface2_full.png; sourceTree = "<group>"; };
		6530CD7419906F5600BFF05E /* shockedface2_half.png */ = {isa = PBXFileReference; lastKnownFileType = image.png; name = shockedface2_half.png; path = ../../../../../Downloads/ExtraStuffForScaryBugs/shockedface2_half.png; sourceTree = "<group>"; };
/* End PBXFileReference section */

/* Begin PBXFrameworksBuildPhase section */
		6530CD1819905B7400BFF05E /* Frameworks */ = {
			isa = PBXFrameworksBuildPhase;
			buildActionMask = 2147483647;
			files = (
				6530CD2119905B7400BFF05E /* CoreGraphics.framework in Frameworks */,
				6530CD2319905B7400BFF05E /* UIKit.framework in Frameworks */,
				6530CD1F19905B7400BFF05E /* Foundation.framework in Frameworks */,
			);
			runOnlyForDeploymentPostprocessing = 0;
		};
		6530CD3C19905B7400BFF05E /* Frameworks */ = {
			isa = PBXFrameworksBuildPhase;
			buildActionMask = 2147483647;
			files = (
				6530CD4119905B7400BFF05E /* XCTest.framework in Frameworks */,
				6530CD4319905B7400BFF05E /* UIKit.framework in Frameworks */,
				6530CD4219905B7400BFF05E /* Foundation.framework in Frameworks */,
			);
			runOnlyForDeploymentPostprocessing = 0;
		};
/* End PBXFrameworksBuildPhase section */

/* Begin PBXGroup section */
		6530CD1219905B7400BFF05E = {
			isa = PBXGroup;
			children = (
				6530CD2419905B7400BFF05E /* ScaryBugs */,
				6530CD4619905B7400BFF05E /* ScaryBugsTests */,
				6530CD1D19905B7400BFF05E /* Frameworks */,
				6530CD1C19905B7400BFF05E /* Products */,
			);
			sourceTree = "<group>";
		};
		6530CD1C19905B7400BFF05E /* Products */ = {
			isa = PBXGroup;
			children = (
				6530CD1B19905B7400BFF05E /* ScaryBugs.app */,
				6530CD3F19905B7400BFF05E /* ScaryBugsTests.xctest */,
			);
			name = Products;
			sourceTree = "<group>";
		};
		6530CD1D19905B7400BFF05E /* Frameworks */ = {
			isa = PBXGroup;
			children = (
				6530CD1E19905B7400BFF05E /* Foundation.framework */,
				6530CD2019905B7400BFF05E /* CoreGraphics.framework */,
				6530CD2219905B7400BFF05E /* UIKit.framework */,
				6530CD4019905B7400BFF05E /* XCTest.framework */,
			);
			name = Frameworks;
			sourceTree = "<group>";
		};
		6530CD2419905B7400BFF05E /* ScaryBugs */ = {
			isa = PBXGroup;
			children = (
				6530CD7C19906F8E00BFF05E /* Art */,
				6530CD7B19906F7A00BFF05E /* Helpers */,
				6530CD6A19906F3000BFF05E /* Views */,
				6530CD5E1990646500BFF05E /* potatoBug.jpg */,
				6530CD681990674800BFF05E /* wolfspider.jpg */,
				6530CD5F1990646500BFF05E /* centipede.jpg */,
				6530CD611990646500BFF05E /* ladybug.jpg */,
				6530CD621990646500BFF05E /* potatoBugThumb.jpg */,
				6530CD5719905BEE00BFF05E /* Model */,
				6530CD5619905BD100BFF05E /* GUI */,
				6530CD3919905B7400BFF05E /* Images.xcassets */,
				6530CD2519905B7400BFF05E /* Supporting Files */,
			);
			path = ScaryBugs;
			sourceTree = "<group>";
		};
		6530CD2519905B7400BFF05E /* Supporting Files */ = {
			isa = PBXGroup;
			children = (
				6530CD2619905B7400BFF05E /* ScaryBugs-Info.plist */,
				6530CD2719905B7400BFF05E /* InfoPlist.strings */,
				6530CD2A19905B7400BFF05E /* main.m */,
				6530CD2C19905B7400BFF05E /* ScaryBugs-Prefix.pch */,
			);
			name = "Supporting Files";
			sourceTree = "<group>";
		};
		6530CD4619905B7400BFF05E /* ScaryBugsTests */ = {
			isa = PBXGroup;
			children = (
				6530CD4C19905B7400BFF05E /* ScaryBugsTests.m */,
				6530CD4719905B7400BFF05E /* Supporting Files */,
			);
			path = ScaryBugsTests;
			sourceTree = "<group>";
		};
		6530CD4719905B7400BFF05E /* Supporting Files */ = {
			isa = PBXGroup;
			children = (
				6530CD4819905B7400BFF05E /* ScaryBugsTests-Info.plist */,
				6530CD4919905B7400BFF05E /* InfoPlist.strings */,
			);
			name = "Supporting Files";
			sourceTree = "<group>";
		};
		6530CD5619905BD100BFF05E /* GUI */ = {
			isa = PBXGroup;
			children = (
				6530CD2D19905B7400BFF05E /* RWTAppDelegate.h */,
				6530CD2E19905B7400BFF05E /* RWTAppDelegate.m */,
				6530CD3019905B7400BFF05E /* Main.storyboard */,
				6530CD3319905B7400BFF05E /* RWTMasterViewController.h */,
				6530CD3419905B7400BFF05E /* RWTMasterViewController.m */,
				6530CD3619905B7400BFF05E /* RWTDetailViewController.h */,
				6530CD3719905B7400BFF05E /* RWTDetailViewController.m */,
			);
			name = GUI;
			sourceTree = "<group>";
		};
		6530CD5719905BEE00BFF05E /* Model */ = {
			isa = PBXGroup;
			children = (
				6530CD5819905C2200BFF05E /* RWTScaryBugData.h */,
				6530CD5919905C2200BFF05E /* RWTScaryBugData.m */,
				6530CD5B19905D1E00BFF05E /* RWTScaryBugDoc.h */,
				6530CD5C19905D1E00BFF05E /* RWTScaryBugDoc.m */,
			);
			name = Model;
			sourceTree = "<group>";
		};
		6530CD6A19906F3000BFF05E /* Views */ = {
			isa = PBXGroup;
			children = (
				6530CD6D19906F5600BFF05E /* logo1.png */,
				6530CD6E19906F5600BFF05E /* RWTRateView.h */,
				6530CD6F19906F5600BFF05E /* RWTRateView.m */,
			);
			name = Views;
			sourceTree = "<group>";
		};
		6530CD7B19906F7A00BFF05E /* Helpers */ = {
			isa = PBXGroup;
			children = (
				6530CD7019906F5600BFF05E /* RWTUIImageExtras.h */,
				6530CD7119906F5600BFF05E /* RWTUIImageExtras.m */,
			);
			name = Helpers;
			sourceTree = "<group>";
		};
		6530CD7C19906F8E00BFF05E /* Art */ = {
			isa = PBXGroup;
			children = (
				6530CD7219906F5600BFF05E /* shockedface2_empty.png */,
				6530CD7319906F5600BFF05E /* shockedface2_full.png */,
				6530CD7419906F5600BFF05E /* shockedface2_half.png */,
			);
			name = Art;
			sourceTree = "<group>";
		};
/* End PBXGroup section */

/* Begin PBXNativeTarget section */
		6530CD1A19905B7400BFF05E /* ScaryBugs */ = {
			isa = PBXNativeTarget;
			buildConfigurationList = 6530CD5019905B7400BFF05E /* Build configuration list for PBXNativeTarget "ScaryBugs" */;
			buildPhases = (
				6530CD1719905B7400BFF05E /* Sources */,
				6530CD1819905B7400BFF05E /* Frameworks */,
				6530CD1919905B7400BFF05E /* Resources */,
			);
			buildRules = (
			);
			dependencies = (
			);
			name = ScaryBugs;
			productName = ScaryBugs;
			productReference = 6530CD1B19905B7400BFF05E /* ScaryBugs.app */;
			productType = "com.apple.product-type.application";
		};
		6530CD3E19905B7400BFF05E /* ScaryBugsTests */ = {
			isa = PBXNativeTarget;
			buildConfigurationList = 6530CD5319905B7400BFF05E /* Build configuration list for PBXNativeTarget "ScaryBugsTests" */;
			buildPhases = (
				6530CD3B19905B7400BFF05E /* Sources */,
				6530CD3C19905B7400BFF05E /* Frameworks */,
				6530CD3D19905B7400BFF05E /* Resources */,
			);
			buildRules = (
			);
			dependencies = (
				6530CD4519905B7400BFF05E /* PBXTargetDependency */,
			);
			name = ScaryBugsTests;
			productName = ScaryBugsTests;
			productReference = 6530CD3F19905B7400BFF05E /* ScaryBugsTests.xctest */;
			productType = "com.apple.product-type.bundle.unit-test";
		};
/* End PBXNativeTarget section */

/* Begin PBXProject section */
		6530CD1319905B7400BFF05E /* Project object */ = {
			isa = PBXProject;
			attributes = {
				CLASSPREFIX = RWT;
				LastUpgradeCheck = 0510;
				ORGANIZATIONNAME = JM;
				TargetAttributes = {
					6530CD3E19905B7400BFF05E = {
						TestTargetID = 6530CD1A19905B7400BFF05E;
					};
				};
			};
			buildConfigurationList = 6530CD1619905B7400BFF05E /* Build configuration list for PBXProject "ScaryBugs" */;
			compatibilityVersion = "Xcode 3.2";
			developmentRegion = English;
			hasScannedForEncodings = 0;
			knownRegions = (
				en,
				Base,
			);
			mainGroup = 6530CD1219905B7400BFF05E;
			productRefGroup = 6530CD1C19905B7400BFF05E /* Products */;
			projectDirPath = "";
			projectRoot = "";
			targets = (
				6530CD1A19905B7400BFF05E /* ScaryBugs */,
				6530CD3E19905B7400BFF05E /* ScaryBugsTests */,
			);
		};
/* End PBXProject section */

/* Begin PBXResourcesBuildPhase section */
		6530CD1919905B7400BFF05E /* Resources */ = {
			isa = PBXResourcesBuildPhase;
			buildActionMask = 2147483647;
			files = (
				6530CD7919906F5600BFF05E /* shockedface2_full.png in Resources */,
				6530CD3A19905B7400BFF05E /* Images.xcassets in Resources */,
				6530CD2919905B7400BFF05E /* InfoPlist.strings in Resources */,
				6530CD661990646500BFF05E /* ladybug.jpg in Resources */,
				6530CD631990646500BFF05E /* potatoBug.jpg in Resources */,
				6530CD691990674800BFF05E /* wolfspider.jpg in Resources */,
				6530CD3219905B7400BFF05E /* Main.storyboard in Resources */,
				6530CD7A19906F5600BFF05E /* shockedface2_half.png in Resources */,
				6530CD671990646500BFF05E /* potatoBugThumb.jpg in Resources */,
				6530CD7519906F5600BFF05E /* logo1.png in Resources */,
				6530CD7819906F5600BFF05E /* shockedface2_empty.png in Resources */,
				6530CD641990646500BFF05E /* centipede.jpg in Resources */,
			);
			runOnlyForDeploymentPostprocessing = 0;
		};
		6530CD3D19905B7400BFF05E /* Resources */ = {
			isa = PBXResourcesBuildPhase;
			buildActionMask = 2147483647;
			files = (
				6530CD4B19905B7400BFF05E /* InfoPlist.strings in Resources */,
			);
			runOnlyForDeploymentPostprocessing = 0;
		};
/* End PBXResourcesBuildPhase section */

/* Begin PBXSourcesBuildPhase section */
		6530CD1719905B7400BFF05E /* Sources */ = {
			isa = PBXSourcesBuildPhase;
			buildActionMask = 2147483647;
			files = (
				6530CD5A19905C2200BFF05E /* RWTScaryBugData.m in Sources */,
				6530CD7619906F5600BFF05E /* RWTRateView.m in Sources */,
				6530CD7719906F5600BFF05E /* RWTUIImageExtras.m in Sources */,
				6530CD2F19905B7400BFF05E /* RWTAppDelegate.m in Sources */,
				6530CD5D19905D1E00BFF05E /* RWTScaryBugDoc.m in Sources */,
				6530CD2B19905B7400BFF05E /* main.m in Sources */,
				6530CD3519905B7400BFF05E /* RWTMasterViewController.m in Sources */,
				6530CD3819905B7400BFF05E /* RWTDetailViewController.m in Sources */,
			);
			runOnlyForDeploymentPostprocessing = 0;
		};
		6530CD3B19905B7400BFF05E /* Sources */ = {
			isa = PBXSourcesBuildPhase;
			buildActionMask = 2147483647;
			files = (
				6530CD4D19905B7400BFF05E /* ScaryBugsTests.m in Sources */,
			);
			runOnlyForDeploymentPostprocessing = 0;
		};
/* End PBXSourcesBuildPhase section */

/* Begin PBXTargetDependency section */
		6530CD4519905B7400BFF05E /* PBXTargetDependency */ = {
			isa = PBXTargetDependency;
			target = 6530CD1A19905B7400BFF05E /* ScaryBugs */;
			targetProxy = 6530CD4419905B7400BFF05E /* PBXContainerItemProxy */;
		};
/* End PBXTargetDependency section */

/* Begin PBXVariantGroup section */
		6530CD2719905B7400BFF05E /* InfoPlist.strings */ = {
			isa = PBXVariantGroup;
			children = (
				6530CD2819905B7400BFF05E /* en */,
			);
			name = InfoPlist.strings;
			sourceTree = "<group>";
		};
		6530CD3019905B7400BFF05E /* Main.storyboard */ = {
			isa = PBXVariantGroup;
			children = (
				6530CD3119905B7400BFF05E /* Base */,
			);
			name = Main.storyboard;
			sourceTree = "<group>";
		};
		6530CD4919905B7400BFF05E /* InfoPlist.strings */ = {
			isa = PBXVariantGroup;
			children = (
				6530CD4A19905B7400BFF05E /* en */,
			);
			name = InfoPlist.strings;
			sourceTree = "<group>";
		};
/* End PBXVariantGroup section */

/* Begin XCBuildConfiguration section */
		6530CD4E19905B7400BFF05E /* Debug */ = {
			isa = XCBuildConfiguration;
			buildSettings = {
				ALWAYS_SEARCH_USER_PATHS = NO;
				CLANG_CXX_LANGUAGE_STANDARD = "gnu++0x";
				CLANG_CXX_LIBRARY = "libc++";
				CLANG_ENABLE_MODULES = YES;
				CLANG_ENABLE_OBJC_ARC = YES;
				CLANG_WARN_BOOL_CONVERSION = YES;
				CLANG_WARN_CONSTANT_CONVERSION = YES;
				CLANG_WARN_DIRECT_OBJC_ISA_USAGE = YES_ERROR;
				CLANG_WARN_EMPTY_BODY = YES;
				CLANG_WARN_ENUM_CONVERSION = YES;
				CLANG_WARN_INT_CONVERSION = YES;
				CLANG_WARN_OBJC_ROOT_CLASS = YES_ERROR;
				CLANG_WARN__DUPLICATE_METHOD_MATCH = YES;
				"CODE_SIGN_IDENTITY[sdk=iphoneos*]" = "iPhone Developer";
				COPY_PHASE_STRIP = NO;
				GCC_C_LANGUAGE_STANDARD = gnu99;
				GCC_DYNAMIC_NO_PIC = NO;
				GCC_OPTIMIZATION_LEVEL = 0;
				GCC_PREPROCESSOR_DEFINITIONS = (
					"DEBUG=1",
					"$(inherited)",
				);
				GCC_SYMBOLS_PRIVATE_EXTERN = NO;
				GCC_WARN_64_TO_32_BIT_CONVERSION = YES;
				GCC_WARN_ABOUT_RETURN_TYPE = YES_ERROR;
				GCC_WARN_UNDECLARED_SELECTOR = YES;
				GCC_WARN_UNINITIALIZED_AUTOS = YES_AGGRESSIVE;
				GCC_WARN_UNUSED_FUNCTION = YES;
				GCC_WARN_UNUSED_VARIABLE = YES;
				IPHONEOS_DEPLOYMENT_TARGET = 7.1;
				ONLY_ACTIVE_ARCH = YES;
				SDKROOT = iphoneos;
			};
			name = Debug;
		};
		6530CD4F19905B7400BFF05E /* Release */ = {
			isa = XCBuildConfiguration;
			buildSettings = {
				ALWAYS_SEARCH_USER_PATHS = NO;
				CLANG_CXX_LANGUAGE_STANDARD = "gnu++0x";
				CLANG_CXX_LIBRARY = "libc++";
				CLANG_ENABLE_MODULES = YES;
				CLANG_ENABLE_OBJC_ARC = YES;
				CLANG_WARN_BOOL_CONVERSION = YES;
				CLANG_WARN_CONSTANT_CONVERSION = YES;
				CLANG_WARN_DIRECT_OBJC_ISA_USAGE = YES_ERROR;
				CLANG_WARN_EMPTY_BODY = YES;
				CLANG_WARN_ENUM_CONVERSION = YES;
				CLANG_WARN_INT_CONVERSION = YES;
				CLANG_WARN_OBJC_ROOT_CLASS = YES_ERROR;
				CLANG_WARN__DUPLICATE_METHOD_MATCH = YES;
				"CODE_SIGN_IDENTITY[sdk=iphoneos*]" = "iPhone Developer";
				COPY_PHASE_STRIP = YES;
				ENABLE_NS_ASSERTIONS = NO;
				GCC_C_LANGUAGE_STANDARD = gnu99;
				GCC_WARN_64_TO_32_BIT_CONVERSION = YES;
				GCC_WARN_ABOUT_RETURN_TYPE = YES_ERROR;
				GCC_WARN_UNDECLARED_SELECTOR = YES;
				GCC_WARN_UNINITIALIZED_AUTOS = YES_AGGRESSIVE;
				GCC_WARN_UNUSED_FUNCTION = YES;
				GCC_WARN_UNUSED_VARIABLE = YES;
				IPHONEOS_DEPLOYMENT_TARGET = 7.1;
				SDKROOT = iphoneos;
				VALIDATE_PRODUCT = YES;
			};
			name = Release;
		};
		6530CD5119905B7400BFF05E /* Debug */ = {
			isa = XCBuildConfiguration;
			buildSettings = {
				ASSETCATALOG_COMPILER_APPICON_NAME = AppIcon;
				ASSETCATALOG_COMPILER_LAUNCHIMAGE_NAME = LaunchImage;
				GCC_PRECOMPILE_PREFIX_HEADER = YES;
				GCC_PREFIX_HEADER = "ScaryBugs/ScaryBugs-Prefix.pch";
				INFOPLIST_FILE = "ScaryBugs/ScaryBugs-Info.plist";
				PRODUCT_NAME = "$(TARGET_NAME)";
				WRAPPER_EXTENSION = app;
			};
			name = Debug;
		};
		6530CD5219905B7400BFF05E /* Release */ = {
			isa = XCBuildConfiguration;
			buildSettings = {
				ASSETCATALOG_COMPILER_APPICON_NAME = AppIcon;
				ASSETCATALOG_COMPILER_LAUNCHIMAGE_NAME = LaunchImage;
				GCC_PRECOMPILE_PREFIX_HEADER = YES;
				GCC_PREFIX_HEADER = "ScaryBugs/ScaryBugs-Prefix.pch";
				INFOPLIST_FILE = "ScaryBugs/ScaryBugs-Info.plist";
				PRODUCT_NAME = "$(TARGET_NAME)";
				WRAPPER_EXTENSION = app;
			};
			name = Release;
		};
		6530CD5419905B7400BFF05E /* Debug */ = {
			isa = XCBuildConfiguration;
			buildSettings = {
				BUNDLE_LOADER = "$(BUILT_PRODUCTS_DIR)/ScaryBugs.app/ScaryBugs";
				FRAMEWORK_SEARCH_PATHS = (
					"$(SDKROOT)/Developer/Library/Frameworks",
					"$(inherited)",
					"$(DEVELOPER_FRAMEWORKS_DIR)",
				);
				GCC_PRECOMPILE_PREFIX_HEADER = YES;
				GCC_PREFIX_HEADER = "ScaryBugs/ScaryBugs-Prefix.pch";
				GCC_PREPROCESSOR_DEFINITIONS = (
					"DEBUG=1",
					"$(inherited)",
				);
				INFOPLIST_FILE = "ScaryBugsTests/ScaryBugsTests-Info.plist";
				PRODUCT_NAME = "$(TARGET_NAME)";
				TEST_HOST = "$(BUNDLE_LOADER)";
				WRAPPER_EXTENSION = xctest;
			};
			name = Debug;
		};
		6530CD5519905B7400BFF05E /* Release */ = {
			isa = XCBuildConfiguration;
			buildSettings = {
				BUNDLE_LOADER = "$(BUILT_PRODUCTS_DIR)/ScaryBugs.app/ScaryBugs";
				FRAMEWORK_SEARCH_PATHS = (
					"$(SDKROOT)/Developer/Library/Frameworks",
					"$(inherited)",
					"$(DEVELOPER_FRAMEWORKS_DIR)",
				);
				GCC_PRECOMPILE_PREFIX_HEADER = YES;
				GCC_PREFIX_HEADER = "ScaryBugs/ScaryBugs-Prefix.pch";
				INFOPLIST_FILE = "ScaryBugsTests/ScaryBugsTests-Info.plist";
				PRODUCT_NAME = "$(TARGET_NAME)";
				TEST_HOST = "$(BUNDLE_LOADER)";
				WRAPPER_EXTENSION = xctest;
			};
			name = Release;
		};
/* End XCBuildConfiguration section */

/* Begin XCConfigurationList section */
		6530CD1619905B7400BFF05E /* Build configuration list for PBXProject "ScaryBugs" */ = {
			isa = XCConfigurationList;
			buildConfigurations = (
				6530CD4E19905B7400BFF05E /* Debug */,
				6530CD4F19905B7400BFF05E /* Release */,
			);
			defaultConfigurationIsVisible = 0;
			defaultConfigurationName = Release;
		};
		6530CD5019905B7400BFF05E /* Build configuration list for PBXNativeTarget "ScaryBugs" */ = {
			isa = XCConfigurationList;
			buildConfigurations = (
				6530CD5119905B7400BFF05E /* Debug */,
				6530CD5219905B7400BFF05E /* Release */,
			);
			defaultConfigurationIsVisible = 0;
		};
		6530CD5319905B7400BFF05E /* Build configuration list for PBXNativeTarget "ScaryBugsTests" */ = {
			isa = XCConfigurationList;
			buildConfigurations = (
				6530CD5419905B7400BFF05E /* Debug */,
				6530CD5519905B7400BFF05E /* Release */,
			);
			defaultConfigurationIsVisible = 0;
		};
/* End XCConfigurationList section */
	};
	rootObject = 6530CD1319905B7400BFF05E /* Project object */;
}
